
Microsoft Visual Studio Solution File, Format Version 12.00
# Visual Studio 15
VisualStudioVersion = 15.0.28307.421
MinimumVisualStudioVersion = 10.0.40219.1
Project("{FAE04EC0-301F-11D3-BF4B-00C04F79EFBC}") = "TwitchRobot", "TwitchRobot\TwitchRobot.csproj", "{264158DA-F51A-4558-B132-24E1B6018A60}"
EndProject
Global
	GlobalSection(SolutionConfigurationPlatforms) = preSolution
		Debug|Any CPU = Debug|Any CPU
		Release|Any CPU = Release|Any CPU
	EndGlobalSection
	GlobalSection(ProjectConfigurationPlatforms) = postSolution
		{264158DA-F51A-4558-B132-24E1B6018A60}.Debug|Any CPU.ActiveCfg = Debug|Any CPU
		{264158DA-F51A-4558-B132-24E1B6018A60}.Debug|Any CPU.Build.0 = Debug|Any CPU
		{264158DA-F51A-4558-B132-24E1B6018A60}.Release|Any CPU.ActiveCfg = Release|Any CPU
		{264158DA-F51A-4558-B132-24E1B6018A60}.Release|Any CPU.Build.0 = Release|Any CPU
	EndGlobalSection
	GlobalSection(SolutionProperties) = preSolution
		HideSolutionNode = FALSE
	EndGlobalSection
	GlobalSection(ExtensibilityGlobals) = postSolution
		SolutionGuid = {4882E763-4579-49E0-9A7B-73D74C478825}
	EndGlobalSection
EndGlobal
